{
  "version": 4,
  "terraform_version": "1.7.3",
  "serial": 17,
  "lineage": "33109952-c05b-ab4a-125e-d51dd9d9f1a4",
  "outputs": {},
  "resources": [
    {
      "mode": "managed",
      "type": "helm_release",
      "name": "kube_prom",
      "provider": "provider[\"registry.terraform.io/hashicorp/helm\"]",
      "instances": [
        {
          "schema_version": 1,
          "attributes": {
            "atomic": false,
            "chart": "kube-prometheus-stack",
            "cleanup_on_fail": false,
            "create_namespace": false,
            "dependency_update": false,
            "description": null,
            "devel": null,
            "disable_crd_hooks": false,
            "disable_openapi_validation": false,
            "disable_webhooks": false,
            "force_update": false,
            "id": "kube-prometheus-stack",
            "keyring": null,
            "lint": false,
            "manifest": null,
            "max_history": 0,
            "metadata": [
              {
                "app_version": "v0.71.2",
                "chart": "kube-prometheus-stack",
                "name": "kube-prometheus-stack",
                "namespace": "default",
                "revision": 1,
                "values": "{\"prometheus\":{\"prometheusSpec\":{\"serviceMonitorSelectorNilUsesHelmValues\":false}}}",
                "version": "56.6.2"
              }
            ],
            "name": "kube-prometheus-stack",
            "namespace": "default",
            "pass_credentials": false,
            "postrender": [],
            "recreate_pods": false,
            "render_subchart_notes": true,
            "replace": false,
            "repository": "https://prometheus-community.github.io/helm-charts",
            "repository_ca_file": null,
            "repository_cert_file": null,
            "repository_key_file": null,
            "repository_password": null,
            "repository_username": null,
            "reset_values": false,
            "reuse_values": false,
            "set": [
              {
                "name": "prometheus.prometheusSpec.serviceMonitorSelectorNilUsesHelmValues",
                "type": "",
                "value": "false"
              }
            ],
            "set_list": [],
            "set_sensitive": [],
            "skip_crds": false,
            "status": "deployed",
            "timeout": 300,
            "values": null,
            "verify": false,
            "version": "56.6.2",
            "wait": true,
            "wait_for_jobs": false
          },
          "sensitive_attributes": [],
          "private": "eyJzY2hlbWFfdmVyc2lvbiI6IjEifQ=="
        }
      ]
    },
    {
      "mode": "managed",
      "type": "kubectl_manifest",
      "name": "my_app_deployment",
      "provider": "provider[\"registry.terraform.io/gavinbunney/kubectl\"]",
      "instances": [
        {
          "schema_version": 1,
          "attributes": {
            "api_version": "apps/v1",
            "apply_only": false,
            "force_conflicts": false,
            "force_new": false,
            "id": "/apis/apps/v1/namespaces/default/deployments/expressapp",
            "ignore_fields": null,
            "kind": "Deployment",
            "live_manifest_incluster": "b584bb32e95ebeb86ab6d1a5fa0fcb9c04c61072996b4e540293af931b4cc378",
            "live_uid": "0e38153d-fb3b-43e8-8fcd-b9a6427d6b1c",
            "name": "expressapp",
            "namespace": null,
            "override_namespace": null,
            "sensitive_fields": null,
            "server_side_apply": false,
            "timeouts": null,
            "uid": "0e38153d-fb3b-43e8-8fcd-b9a6427d6b1c",
            "validate_schema": true,
            "wait": null,
            "wait_for_rollout": true,
            "yaml_body": "apiVersion: apps/v1\r\nkind: Deployment\r\nmetadata:\r\n  name: expressapp\r\n  labels:\r\n    app: expressapp\r\nspec:\r\n  selector:\r\n    matchLabels:\r\n      app: expressapp\r\n  replicas: 2\r\n  template:\r\n    metadata:\r\n      labels:\r\n        app: expressapp\r\n    spec:\r\n      containers:\r\n      - name: expressapp\r\n        image: tijani119/my-express-app:latest\r\n        ports:\r\n        - containerPort: 5000\r\n\r\n\r\n\r\n\r\n\r\n\r\n\r\n\r\n\r\n\r\n\r\n",
            "yaml_body_parsed": "apiVersion: apps/v1\nkind: Deployment\nmetadata:\n  labels:\n    app: expressapp\n  name: expressapp\nspec:\n  replicas: 2\n  selector:\n    matchLabels:\n      app: expressapp\n  template:\n    metadata:\n      labels:\n        app: expressapp\n    spec:\n      containers:\n      - image: tijani119/my-express-app:latest\n        name: expressapp\n        ports:\n        - containerPort: 5000\n",
            "yaml_incluster": "b584bb32e95ebeb86ab6d1a5fa0fcb9c04c61072996b4e540293af931b4cc378"
          },
          "sensitive_attributes": [],
          "private": "eyJlMmJmYjczMC1lY2FhLTExZTYtOGY4OC0zNDM2M2JjN2M0YzAiOnsiY3JlYXRlIjo2MDAwMDAwMDAwMDB9LCJzY2hlbWFfdmVyc2lvbiI6IjEifQ=="
        }
      ]
    },
    {
      "mode": "managed",
      "type": "kubectl_manifest",
      "name": "my_app_service",
      "provider": "provider[\"registry.terraform.io/gavinbunney/kubectl\"]",
      "instances": [
        {
          "schema_version": 1,
          "attributes": {
            "api_version": "v1",
            "apply_only": false,
            "force_conflicts": false,
            "force_new": false,
            "id": "/api/v1/namespaces/default/services/expressapp",
            "ignore_fields": null,
            "kind": "Service",
            "live_manifest_incluster": "188e03a2c6ae3bb4f9d2f7ff8a72a317fb40ef1e25b4f58ff32c72350b33711b",
            "live_uid": "ec3ed8b4-11f4-445b-9ec2-e4cf4c338f36",
            "name": "expressapp",
            "namespace": null,
            "override_namespace": null,
            "sensitive_fields": null,
            "server_side_apply": false,
            "timeouts": null,
            "uid": "ec3ed8b4-11f4-445b-9ec2-e4cf4c338f36",
            "validate_schema": true,
            "wait": null,
            "wait_for_rollout": true,
            "yaml_body": "apiVersion: v1\r\nkind: Service\r\nmetadata:\r\n  name: expressapp\r\nspec:\r\n  selector:\r\n    app: expressapp\r\n  type: ClusterIP\r\n  ports:\r\n  - name: expressapp\r\n    protocol: TCP\r\n    port: 5000\r\n    targetPort: 5000\r\n",
            "yaml_body_parsed": "apiVersion: v1\nkind: Service\nmetadata:\n  name: expressapp\nspec:\n  ports:\n  - name: expressapp\n    port: 5000\n    protocol: TCP\n    targetPort: 5000\n  selector:\n    app: expressapp\n  type: ClusterIP\n",
            "yaml_incluster": "188e03a2c6ae3bb4f9d2f7ff8a72a317fb40ef1e25b4f58ff32c72350b33711b"
          },
          "sensitive_attributes": [],
          "private": "eyJlMmJmYjczMC1lY2FhLTExZTYtOGY4OC0zNDM2M2JjN2M0YzAiOnsiY3JlYXRlIjo2MDAwMDAwMDAwMDB9LCJzY2hlbWFfdmVyc2lvbiI6IjEifQ=="
        }
      ]
    }
  ],
  "check_results": null
}
